
Microsoft Visual Studio Solution File, Format Version 12.00
# Visual Studio 2013
VisualStudioVersion = 12.0.21005.1
MinimumVisualStudioVersion = 10.0.40219.1
Project("{2150E333-8FDC-42A3-9474-1A3956D46DE8}") = "UNS.UI", "UNS.UI", "{C5BBA544-8F67-43A8-9CC2-FE248CD63E4F}"
EndProject
Project("{FAE04EC0-301F-11D3-BF4B-00C04F79EFBC}") = "UI", "UI\UI.csproj", "{DC60BD64-03CC-4296-84A8-29D3DEFE6531}"
EndProject
Project("{FAE04EC0-301F-11D3-BF4B-00C04F79EFBC}") = "Repository", "Repository\Repository.csproj", "{55AC939F-F3ED-45CB-9E3E-2B3A9484051C}"
EndProject
Project("{FAE04EC0-301F-11D3-BF4B-00C04F79EFBC}") = "DAL", "DAL\DAL.csproj", "{EBC91414-D8C9-4999-8D7D-63DD81848DCB}"
EndProject
Project("{FAE04EC0-301F-11D3-BF4B-00C04F79EFBC}") = "BL", "BL\BL.csproj", "{92E8B6DF-5FF1-4028-AD00-3652DBF70994}"
EndProject
Project("{2150E333-8FDC-42A3-9474-1A3956D46DE8}") = ".nuget", ".nuget", "{EACEE47B-0BCA-424E-88F7-EC0458F88547}"
	ProjectSection(SolutionItems) = preProject
		.nuget\NuGet.Config = .nuget\NuGet.Config
		.nuget\NuGet.exe = .nuget\NuGet.exe
		.nuget\NuGet.targets = .nuget\NuGet.targets
	EndProjectSection
EndProject
Project("{2150E333-8FDC-42A3-9474-1A3956D46DE8}") = "UNS.Repository", "UNS.Repository", "{3FDD4966-953F-41F1-9DFA-B981E4026780}"
EndProject
Project("{2150E333-8FDC-42A3-9474-1A3956D46DE8}") = "UNS.DAL", "UNS.DAL", "{65BC6B58-F86E-4CB7-9CBE-DFCE87E7EEFC}"
EndProject
Project("{2150E333-8FDC-42A3-9474-1A3956D46DE8}") = "UNS.BL", "UNS.BL", "{64A85B97-F3CF-4865-A121-73AEE9F10D6C}"
EndProject
Project("{2150E333-8FDC-42A3-9474-1A3956D46DE8}") = "UNS.Service", "UNS.Service", "{8ED53186-81FF-49B7-8ACE-3AD12EF1B914}"
EndProject
Project("{2150E333-8FDC-42A3-9474-1A3956D46DE8}") = "UNS.Utilities", "UNS.Utilities", "{29E8C2D3-C343-45C1-9774-546988FBB31C}"
EndProject
Project("{FAE04EC0-301F-11D3-BF4B-00C04F79EFBC}") = "DIService", "Utilities\DIService\DIService.csproj", "{0024FCB4-688D-4CEA-97EA-405D54409396}"
EndProject
Project("{FAE04EC0-301F-11D3-BF4B-00C04F79EFBC}") = "UNS.Service", "Service\UNS.Service\UNS.Service.csproj", "{1CEAD359-E95C-48F0-8A8A-880145CD1CEF}"
EndProject
Global
	GlobalSection(SolutionConfigurationPlatforms) = preSolution
		Debug|Any CPU = Debug|Any CPU
		Release|Any CPU = Release|Any CPU
	EndGlobalSection
	GlobalSection(ProjectConfigurationPlatforms) = postSolution
		{DC60BD64-03CC-4296-84A8-29D3DEFE6531}.Debug|Any CPU.ActiveCfg = Debug|Any CPU
		{DC60BD64-03CC-4296-84A8-29D3DEFE6531}.Debug|Any CPU.Build.0 = Debug|Any CPU
		{DC60BD64-03CC-4296-84A8-29D3DEFE6531}.Release|Any CPU.ActiveCfg = Release|Any CPU
		{DC60BD64-03CC-4296-84A8-29D3DEFE6531}.Release|Any CPU.Build.0 = Release|Any CPU
		{55AC939F-F3ED-45CB-9E3E-2B3A9484051C}.Debug|Any CPU.ActiveCfg = Debug|Any CPU
		{55AC939F-F3ED-45CB-9E3E-2B3A9484051C}.Debug|Any CPU.Build.0 = Debug|Any CPU
		{55AC939F-F3ED-45CB-9E3E-2B3A9484051C}.Release|Any CPU.ActiveCfg = Release|Any CPU
		{55AC939F-F3ED-45CB-9E3E-2B3A9484051C}.Release|Any CPU.Build.0 = Release|Any CPU
		{EBC91414-D8C9-4999-8D7D-63DD81848DCB}.Debug|Any CPU.ActiveCfg = Debug|Any CPU
		{EBC91414-D8C9-4999-8D7D-63DD81848DCB}.Debug|Any CPU.Build.0 = Debug|Any CPU
		{EBC91414-D8C9-4999-8D7D-63DD81848DCB}.Release|Any CPU.ActiveCfg = Release|Any CPU
		{EBC91414-D8C9-4999-8D7D-63DD81848DCB}.Release|Any CPU.Build.0 = Release|Any CPU
		{92E8B6DF-5FF1-4028-AD00-3652DBF70994}.Debug|Any CPU.ActiveCfg = Debug|Any CPU
		{92E8B6DF-5FF1-4028-AD00-3652DBF70994}.Debug|Any CPU.Build.0 = Debug|Any CPU
		{92E8B6DF-5FF1-4028-AD00-3652DBF70994}.Release|Any CPU.ActiveCfg = Release|Any CPU
		{92E8B6DF-5FF1-4028-AD00-3652DBF70994}.Release|Any CPU.Build.0 = Release|Any CPU
		{0024FCB4-688D-4CEA-97EA-405D54409396}.Debug|Any CPU.ActiveCfg = Debug|Any CPU
		{0024FCB4-688D-4CEA-97EA-405D54409396}.Debug|Any CPU.Build.0 = Debug|Any CPU
		{0024FCB4-688D-4CEA-97EA-405D54409396}.Release|Any CPU.ActiveCfg = Release|Any CPU
		{0024FCB4-688D-4CEA-97EA-405D54409396}.Release|Any CPU.Build.0 = Release|Any CPU
		{1CEAD359-E95C-48F0-8A8A-880145CD1CEF}.Debug|Any CPU.ActiveCfg = Debug|Any CPU
		{1CEAD359-E95C-48F0-8A8A-880145CD1CEF}.Debug|Any CPU.Build.0 = Debug|Any CPU
		{1CEAD359-E95C-48F0-8A8A-880145CD1CEF}.Release|Any CPU.ActiveCfg = Release|Any CPU
		{1CEAD359-E95C-48F0-8A8A-880145CD1CEF}.Release|Any CPU.Build.0 = Release|Any CPU
	EndGlobalSection
	GlobalSection(SolutionProperties) = preSolution
		HideSolutionNode = FALSE
	EndGlobalSection
	GlobalSection(NestedProjects) = preSolution
		{DC60BD64-03CC-4296-84A8-29D3DEFE6531} = {C5BBA544-8F67-43A8-9CC2-FE248CD63E4F}
		{55AC939F-F3ED-45CB-9E3E-2B3A9484051C} = {3FDD4966-953F-41F1-9DFA-B981E4026780}
		{EBC91414-D8C9-4999-8D7D-63DD81848DCB} = {65BC6B58-F86E-4CB7-9CBE-DFCE87E7EEFC}
		{92E8B6DF-5FF1-4028-AD00-3652DBF70994} = {64A85B97-F3CF-4865-A121-73AEE9F10D6C}
		{1CEAD359-E95C-48F0-8A8A-880145CD1CEF} = {8ED53186-81FF-49B7-8ACE-3AD12EF1B914}
		{0024FCB4-688D-4CEA-97EA-405D54409396} = {29E8C2D3-C343-45C1-9774-546988FBB31C}
	EndGlobalSection
EndGlobal
