
Microsoft Visual Studio Solution File, Format Version 12.00
# Visual Studio 2013
VisualStudioVersion = 12.0.21005.1
MinimumVisualStudioVersion = 10.0.40219.1
Project("{2150E333-8FDC-42A3-9474-1A3956D46DE8}") = "UNS.UI", "UNS.UI", "{C5BBA544-8F67-43A8-9CC2-FE248CD63E4F}"
EndProject
Project("{FAE04EC0-301F-11D3-BF4B-00C04F79EFBC}") = "UI", "UI\UI.csproj", "{DC60BD64-03CC-4296-84A8-29D3DEFE6531}"
EndProject
Project("{FAE04EC0-301F-11D3-BF4B-00C04F79EFBC}") = "Repository", "Repository\Repository.csproj", "{55AC939F-F3ED-45CB-9E3E-2B3A9484051C}"
EndProject
Project("{FAE04EC0-301F-11D3-BF4B-00C04F79EFBC}") = "DAL", "DAL\DAL.csproj", "{EBC91414-D8C9-4999-8D7D-63DD81848DCB}"
EndProject
Project("{FAE04EC0-301F-11D3-BF4B-00C04F79EFBC}") = "BL", "BL\BL.csproj", "{92E8B6DF-5FF1-4028-AD00-3652DBF70994}"
EndProject
Project("{2150E333-8FDC-42A3-9474-1A3956D46DE8}") = ".nuget", ".nuget", "{EACEE47B-0BCA-424E-88F7-EC0458F88547}"
	ProjectSection(SolutionItems) = preProject
		.nuget\NuGet.Config = .nuget\NuGet.Config
		.nuget\NuGet.exe = .nuget\NuGet.exe
		.nuget\NuGet.targets = .nuget\NuGet.targets
	EndProjectSection
EndProject
Project("{2150E333-8FDC-42A3-9474-1A3956D46DE8}") = "UNS.Repository", "UNS.Repository", "{3FDD4966-953F-41F1-9DFA-B981E4026780}"
EndProject
Project("{2150E333-8FDC-42A3-9474-1A3956D46DE8}") = "UNS.DAL", "UNS.DAL", "{65BC6B58-F86E-4CB7-9CBE-DFCE87E7EEFC}"
EndProject
Project("{2150E333-8FDC-42A3-9474-1A3956D46DE8}") = "UNS.BL", "UNS.BL", "{64A85B97-F3CF-4865-A121-73AEE9F10D6C}"
EndProject
Project("{2150E333-8FDC-42A3-9474-1A3956D46DE8}") = "UNS.Service", "UNS.Service", "{8ED53186-81FF-49B7-8ACE-3AD12EF1B914}"
EndProject
Project("{2150E333-8FDC-42A3-9474-1A3956D46DE8}") = "UNS.Utilities", "UNS.Utilities", "{29E8C2D3-C343-45C1-9774-546988FBB31C}"
EndProject
Project("{FAE04EC0-301F-11D3-BF4B-00C04F79EFBC}") = "DIService", "Utilities\DIService\DIService.csproj", "{0024FCB4-688D-4CEA-97EA-405D54409396}"
EndProject
Project("{FAE04EC0-301F-11D3-BF4B-00C04F79EFBC}") = "UNS.Service", "Service\UNS.Service\UNS.Service.csproj", "{1CEAD359-E95C-48F0-8A8A-880145CD1CEF}"
EndProject
Project("{2150E333-8FDC-42A3-9474-1A3956D46DE8}") = "UNS.Database", "UNS.Database", "{90A501EE-C5DA-44D9-8773-FC7E906D9988}"
EndProject
Project("{00D1A9C2-B5F0-4AF3-8072-F6C62B433612}") = "UNS.Database", "DataBase\UNS.Database\UNS.Database.sqlproj", "{E87CC898-EA4A-4796-9808-450A9D863834}"
EndProject
Project("{2150E333-8FDC-42A3-9474-1A3956D46DE8}") = "Core", "Core", "{D1878641-3DEF-4325-B828-FFE44D4F8B11}"
EndProject
Project("{2150E333-8FDC-42A3-9474-1A3956D46DE8}") = "UNS.Security", "UNS.Security", "{D99022EA-2053-4A8E-8D19-C3F345DA99AA}"
EndProject
Project("{FAE04EC0-301F-11D3-BF4B-00C04F79EFBC}") = "Security.Identity", "Core\Security\Security.Identity\Security.Identity.csproj", "{9C91E25C-8903-42BD-81E8-0DAF6F9FA181}"
EndProject
Project("{2150E333-8FDC-42A3-9474-1A3956D46DE8}") = "BL", "BL", "{0F8EEF86-D342-42F9-8413-F68C926A937A}"
EndProject
Project("{2150E333-8FDC-42A3-9474-1A3956D46DE8}") = "UNS.Support", "UNS.Support", "{82E72DFD-0ECB-443C-84DF-AA0C55015754}"
EndProject
Project("{FAE04EC0-301F-11D3-BF4B-00C04F79EFBC}") = "Support", "Core\Support\Support\Support.csproj", "{6CC6C7CA-BFE6-4D4C-A9E7-FB4EB5070FA5}"
EndProject
Project("{FAE04EC0-301F-11D3-BF4B-00C04F79EFBC}") = "CustomModel", "Core\Repositories\CustomModel\CustomModel.csproj", "{ADEB061B-981C-49F1-8064-6C6C4838829E}"
EndProject
Global
	GlobalSection(SolutionConfigurationPlatforms) = preSolution
		Debug|Any CPU = Debug|Any CPU
		Release|Any CPU = Release|Any CPU
	EndGlobalSection
	GlobalSection(ProjectConfigurationPlatforms) = postSolution
		{DC60BD64-03CC-4296-84A8-29D3DEFE6531}.Debug|Any CPU.ActiveCfg = Debug|Any CPU
		{DC60BD64-03CC-4296-84A8-29D3DEFE6531}.Debug|Any CPU.Build.0 = Debug|Any CPU
		{DC60BD64-03CC-4296-84A8-29D3DEFE6531}.Release|Any CPU.ActiveCfg = Release|Any CPU
		{DC60BD64-03CC-4296-84A8-29D3DEFE6531}.Release|Any CPU.Build.0 = Release|Any CPU
		{55AC939F-F3ED-45CB-9E3E-2B3A9484051C}.Debug|Any CPU.ActiveCfg = Debug|Any CPU
		{55AC939F-F3ED-45CB-9E3E-2B3A9484051C}.Debug|Any CPU.Build.0 = Debug|Any CPU
		{55AC939F-F3ED-45CB-9E3E-2B3A9484051C}.Release|Any CPU.ActiveCfg = Release|Any CPU
		{55AC939F-F3ED-45CB-9E3E-2B3A9484051C}.Release|Any CPU.Build.0 = Release|Any CPU
		{EBC91414-D8C9-4999-8D7D-63DD81848DCB}.Debug|Any CPU.ActiveCfg = Debug|Any CPU
		{EBC91414-D8C9-4999-8D7D-63DD81848DCB}.Debug|Any CPU.Build.0 = Debug|Any CPU
		{EBC91414-D8C9-4999-8D7D-63DD81848DCB}.Release|Any CPU.ActiveCfg = Release|Any CPU
		{EBC91414-D8C9-4999-8D7D-63DD81848DCB}.Release|Any CPU.Build.0 = Release|Any CPU
		{92E8B6DF-5FF1-4028-AD00-3652DBF70994}.Debug|Any CPU.ActiveCfg = Debug|Any CPU
		{92E8B6DF-5FF1-4028-AD00-3652DBF70994}.Debug|Any CPU.Build.0 = Debug|Any CPU
		{92E8B6DF-5FF1-4028-AD00-3652DBF70994}.Release|Any CPU.ActiveCfg = Release|Any CPU
		{92E8B6DF-5FF1-4028-AD00-3652DBF70994}.Release|Any CPU.Build.0 = Release|Any CPU
		{0024FCB4-688D-4CEA-97EA-405D54409396}.Debug|Any CPU.ActiveCfg = Debug|Any CPU
		{0024FCB4-688D-4CEA-97EA-405D54409396}.Debug|Any CPU.Build.0 = Debug|Any CPU
		{0024FCB4-688D-4CEA-97EA-405D54409396}.Release|Any CPU.ActiveCfg = Release|Any CPU
		{0024FCB4-688D-4CEA-97EA-405D54409396}.Release|Any CPU.Build.0 = Release|Any CPU
		{1CEAD359-E95C-48F0-8A8A-880145CD1CEF}.Debug|Any CPU.ActiveCfg = Debug|Any CPU
		{1CEAD359-E95C-48F0-8A8A-880145CD1CEF}.Debug|Any CPU.Build.0 = Debug|Any CPU
		{1CEAD359-E95C-48F0-8A8A-880145CD1CEF}.Release|Any CPU.ActiveCfg = Release|Any CPU
		{1CEAD359-E95C-48F0-8A8A-880145CD1CEF}.Release|Any CPU.Build.0 = Release|Any CPU
		{E87CC898-EA4A-4796-9808-450A9D863834}.Debug|Any CPU.ActiveCfg = Debug|Any CPU
		{E87CC898-EA4A-4796-9808-450A9D863834}.Debug|Any CPU.Build.0 = Debug|Any CPU
		{E87CC898-EA4A-4796-9808-450A9D863834}.Debug|Any CPU.Deploy.0 = Debug|Any CPU
		{E87CC898-EA4A-4796-9808-450A9D863834}.Release|Any CPU.ActiveCfg = Release|Any CPU
		{E87CC898-EA4A-4796-9808-450A9D863834}.Release|Any CPU.Build.0 = Release|Any CPU
		{E87CC898-EA4A-4796-9808-450A9D863834}.Release|Any CPU.Deploy.0 = Release|Any CPU
		{9C91E25C-8903-42BD-81E8-0DAF6F9FA181}.Debug|Any CPU.ActiveCfg = Debug|Any CPU
		{9C91E25C-8903-42BD-81E8-0DAF6F9FA181}.Debug|Any CPU.Build.0 = Debug|Any CPU
		{9C91E25C-8903-42BD-81E8-0DAF6F9FA181}.Release|Any CPU.ActiveCfg = Release|Any CPU
		{9C91E25C-8903-42BD-81E8-0DAF6F9FA181}.Release|Any CPU.Build.0 = Release|Any CPU
		{6CC6C7CA-BFE6-4D4C-A9E7-FB4EB5070FA5}.Debug|Any CPU.ActiveCfg = Debug|Any CPU
		{6CC6C7CA-BFE6-4D4C-A9E7-FB4EB5070FA5}.Debug|Any CPU.Build.0 = Debug|Any CPU
		{6CC6C7CA-BFE6-4D4C-A9E7-FB4EB5070FA5}.Release|Any CPU.ActiveCfg = Release|Any CPU
		{6CC6C7CA-BFE6-4D4C-A9E7-FB4EB5070FA5}.Release|Any CPU.Build.0 = Release|Any CPU
		{ADEB061B-981C-49F1-8064-6C6C4838829E}.Debug|Any CPU.ActiveCfg = Debug|Any CPU
		{ADEB061B-981C-49F1-8064-6C6C4838829E}.Debug|Any CPU.Build.0 = Debug|Any CPU
		{ADEB061B-981C-49F1-8064-6C6C4838829E}.Release|Any CPU.ActiveCfg = Release|Any CPU
		{ADEB061B-981C-49F1-8064-6C6C4838829E}.Release|Any CPU.Build.0 = Release|Any CPU
	EndGlobalSection
	GlobalSection(SolutionProperties) = preSolution
		HideSolutionNode = FALSE
	EndGlobalSection
	GlobalSection(NestedProjects) = preSolution
		{DC60BD64-03CC-4296-84A8-29D3DEFE6531} = {C5BBA544-8F67-43A8-9CC2-FE248CD63E4F}
		{3FDD4966-953F-41F1-9DFA-B981E4026780} = {D1878641-3DEF-4325-B828-FFE44D4F8B11}
		{29E8C2D3-C343-45C1-9774-546988FBB31C} = {D1878641-3DEF-4325-B828-FFE44D4F8B11}
		{90A501EE-C5DA-44D9-8773-FC7E906D9988} = {D1878641-3DEF-4325-B828-FFE44D4F8B11}
		{D99022EA-2053-4A8E-8D19-C3F345DA99AA} = {D1878641-3DEF-4325-B828-FFE44D4F8B11}
		{82E72DFD-0ECB-443C-84DF-AA0C55015754} = {D1878641-3DEF-4325-B828-FFE44D4F8B11}
		{EBC91414-D8C9-4999-8D7D-63DD81848DCB} = {65BC6B58-F86E-4CB7-9CBE-DFCE87E7EEFC}
		{92E8B6DF-5FF1-4028-AD00-3652DBF70994} = {64A85B97-F3CF-4865-A121-73AEE9F10D6C}
		{55AC939F-F3ED-45CB-9E3E-2B3A9484051C} = {3FDD4966-953F-41F1-9DFA-B981E4026780}
		{ADEB061B-981C-49F1-8064-6C6C4838829E} = {3FDD4966-953F-41F1-9DFA-B981E4026780}
		{1CEAD359-E95C-48F0-8A8A-880145CD1CEF} = {8ED53186-81FF-49B7-8ACE-3AD12EF1B914}
		{0024FCB4-688D-4CEA-97EA-405D54409396} = {29E8C2D3-C343-45C1-9774-546988FBB31C}
		{E87CC898-EA4A-4796-9808-450A9D863834} = {90A501EE-C5DA-44D9-8773-FC7E906D9988}
		{0F8EEF86-D342-42F9-8413-F68C926A937A} = {D99022EA-2053-4A8E-8D19-C3F345DA99AA}
		{9C91E25C-8903-42BD-81E8-0DAF6F9FA181} = {0F8EEF86-D342-42F9-8413-F68C926A937A}
		{6CC6C7CA-BFE6-4D4C-A9E7-FB4EB5070FA5} = {82E72DFD-0ECB-443C-84DF-AA0C55015754}
	EndGlobalSection
EndGlobal
